
Microsoft Visual Studio Solution File, Format Version 12.00
# Visual Studio Version 17
VisualStudioVersion = 17.14.37111.16 d17.14
MinimumVisualStudioVersion = 10.0.40219.1
Project("{FAE04EC0-301F-11D3-BF4B-00C04F79EFBC}") = "Audio Focus", "Audio Focus.csproj", "{24CD22DF-BC9A-4D6A-91FE-B5A1193BA847}"
EndProject
Global
	GlobalSection(SolutionConfigurationPlatforms) = preSolution
		Debug|Any CPU = Debug|Any CPU
		Release|Any CPU = Release|Any CPU
	EndGlobalSection
	GlobalSection(ProjectConfigurationPlatforms) = postSolution
		{24CD22DF-BC9A-4D6A-91FE-B5A1193BA847}.Debug|Any CPU.ActiveCfg = Debug|Any CPU
		{24CD22DF-BC9A-4D6A-91FE-B5A1193BA847}.Debug|Any CPU.Build.0 = Debug|Any CPU
		{24CD22DF-BC9A-4D6A-91FE-B5A1193BA847}.Release|Any CPU.ActiveCfg = Release|Any CPU
		{24CD22DF-BC9A-4D6A-91FE-B5A1193BA847}.Release|Any CPU.Build.0 = Release|Any CPU
	EndGlobalSection
	GlobalSection(SolutionProperties) = preSolution
		HideSolutionNode = FALSE
	EndGlobalSection
	GlobalSection(ExtensibilityGlobals) = postSolution
		SolutionGuid = {F5BBBF27-CDAD-4C06-B527-2443607AA2FB}
	EndGlobalSection
EndGlobal
